# This file is automatically @generated by Cargo.
# It is not intended for manual editing.
version = 4

[[package]]
name = "kv-buffer"
version = "0.1.0"
dependencies = [
 "kv-simulator",
 "kv-types",
]

[[package]]
name = "kv-cli"
version = "0.1.0"
dependencies = [
 "kv-buffer",
 "kv-core",
 "kv-integrity",
 "kv-recorder",
 "kv-simulator",
 "kv-types",
]

[[package]]
name = "kv-core"
version = "0.1.0"
dependencies = [
 "kv-buffer",
 "kv-integrity",
 "kv-recorder",
 "kv-simulator",
 "kv-types",
]

[[package]]
name = "kv-integrity"
version = "0.1.0"
dependencies = [
 "kv-simulator",
 "kv-types",
]

[[package]]
name = "kv-recorder"
version = "0.1.0"
dependencies = [
 "kv-simulator",
 "kv-types",
]

[[package]]
name = "kv-simulator"
version = "0.1.0"
dependencies = [
 "kv-types",
]

[[package]]
name = "kv-types"
version = "0.1.0"
